
Microsoft Visual Studio Solution File, Format Version 12.00
# Visual Studio Version 17
VisualStudioVersion = 17.11.35219.272
MinimumVisualStudioVersion = 10.0.40219.1
Project("{9A19103F-16F7-4668-BE54-9A1E7A4F7556}") = "TypeRacerAPI", "TypeRacerAPI.csproj", "{6CD8A76B-595E-47DB-B021-0253F1EA85D0}"
EndProject
Project("{FAE04EC0-301F-11D3-BF4B-00C04F79EFBC}") = "TypeRacerAPITest", "..\TypeRacerAPITest\TypeRacerAPITest.csproj", "{F352AEC6-B235-4DD7-8BF2-27C9181F8B13}"
EndProject
Global
	GlobalSection(SolutionConfigurationPlatforms) = preSolution
		Debug|Any CPU = Debug|Any CPU
		Release|Any CPU = Release|Any CPU
	EndGlobalSection
	GlobalSection(ProjectConfigurationPlatforms) = postSolution
		{6CD8A76B-595E-47DB-B021-0253F1EA85D0}.Debug|Any CPU.ActiveCfg = Debug|Any CPU
		{6CD8A76B-595E-47DB-B021-0253F1EA85D0}.Debug|Any CPU.Build.0 = Debug|Any CPU
		{6CD8A76B-595E-47DB-B021-0253F1EA85D0}.Release|Any CPU.ActiveCfg = Release|Any CPU
		{6CD8A76B-595E-47DB-B021-0253F1EA85D0}.Release|Any CPU.Build.0 = Release|Any CPU
		{F352AEC6-B235-4DD7-8BF2-27C9181F8B13}.Debug|Any CPU.ActiveCfg = Debug|Any CPU
		{F352AEC6-B235-4DD7-8BF2-27C9181F8B13}.Debug|Any CPU.Build.0 = Debug|Any CPU
		{F352AEC6-B235-4DD7-8BF2-27C9181F8B13}.Release|Any CPU.ActiveCfg = Release|Any CPU
		{F352AEC6-B235-4DD7-8BF2-27C9181F8B13}.Release|Any CPU.Build.0 = Release|Any CPU
	EndGlobalSection
	GlobalSection(SolutionProperties) = preSolution
		HideSolutionNode = FALSE
	EndGlobalSection
	GlobalSection(ExtensibilityGlobals) = postSolution
		SolutionGuid = {D19FF440-EC61-45B1-A80C-4F2120F80E1B}
	EndGlobalSection
EndGlobal
